
Microsoft Visual Studio Solution File, Format Version 12.00
# Visual Studio Version 17
VisualStudioVersion = 17.11.35312.102
MinimumVisualStudioVersion = 10.0.40219.1
Project("{FAE04EC0-301F-11D3-BF4B-00C04F79EFBC}") = "calisanyonetim", "calisanyonetim\calisanyonetim.csproj", "{9460DA6E-A885-4221-BF59-4F5D8E02AE67}"
EndProject
Global
	GlobalSection(SolutionConfigurationPlatforms) = preSolution
		Debug|Any CPU = Debug|Any CPU
		Release|Any CPU = Release|Any CPU
	EndGlobalSection
	GlobalSection(ProjectConfigurationPlatforms) = postSolution
		{9460DA6E-A885-4221-BF59-4F5D8E02AE67}.Debug|Any CPU.ActiveCfg = Debug|Any CPU
		{9460DA6E-A885-4221-BF59-4F5D8E02AE67}.Debug|Any CPU.Build.0 = Debug|Any CPU
		{9460DA6E-A885-4221-BF59-4F5D8E02AE67}.Release|Any CPU.ActiveCfg = Release|Any CPU
		{9460DA6E-A885-4221-BF59-4F5D8E02AE67}.Release|Any CPU.Build.0 = Release|Any CPU
	EndGlobalSection
	GlobalSection(SolutionProperties) = preSolution
		HideSolutionNode = FALSE
	EndGlobalSection
	GlobalSection(ExtensibilityGlobals) = postSolution
		SolutionGuid = {1BA3A675-D061-4F44-99F4-837771267960}
	EndGlobalSection
EndGlobal
